<?xml version="1.0" encoding="utf-8"?>
<Project ToolsVersion="4.0" xmlns="http://schemas.microsoft.com/developer/msbuild/2003">
  <ItemGroup>
    <Filter Include="Файлы ресурсов">
      <UniqueIdentifier>{67DA6AB6-F800-4c08-8B7A-83BB121AAD01}</UniqueIdentifier>
      <Extensions>rc;ico;cur;bmp;dlg;rc2;rct;bin;rgs;gif;jpg;jpeg;jpe;resx;tiff;tif;png;wav;mfcribbon-ms</Extensions>
    </Filter>
    <Filter Include="mysql">
      <UniqueIdentifier>{4ea974c4-b863-4412-82a0-5ef0129fcdcb}</UniqueIdentifier>
    </Filter>
    <Filter Include="mysql\query">
      <UniqueIdentifier>{d704ff0e-bff9-4549-ab88-05b5fadcee66}</UniqueIdentifier>
    </Filter>
    <Filter Include="mysql\table">
      <UniqueIdentifier>{e277adbe-8089-49ad-81fc-2ba9dc92eb98}</UniqueIdentifier>
    </Filter>
    <Filter Include="mysql\query\filter">
      <UniqueIdentifier>{842fbac5-3ddb-4614-8c31-09d1a81a403d}</UniqueIdentifier>
    </Filter>
    <Filter Include="application">
      <UniqueIdentifier>{98485ce0-2cba-450c-887c-64c5eeee887b}</UniqueIdentifier>
    </Filter>
    <Filter Include="login">
      <UniqueIdentifier>{8b46bf57-08c1-445c-95bc-a5c2d0be7184}</UniqueIdentifier>
    </Filter>
    <Filter Include="main">
      <UniqueIdentifier>{4cff336e-83d9-4198-ab06-599446ed3fab}</UniqueIdentifier>
    </Filter>
    <Filter Include="res&amp;precompiller">
      <UniqueIdentifier>{233e215e-5db9-4564-87d3-1248ecfe1893}</UniqueIdentifier>
    </Filter>
    <Filter Include="entity">
      <UniqueIdentifier>{f74929ec-20dc-479a-8e9f-1735118e4a3d}</UniqueIdentifier>
    </Filter>
    <Filter Include="new_article">
      <UniqueIdentifier>{93f21bbb-03e6-4466-aa51-276641b97b2c}</UniqueIdentifier>
    </Filter>
    <Filter Include="delivery_shipment">
      <UniqueIdentifier>{d431b084-b91c-4a91-a95a-eb63d1c227e1}</UniqueIdentifier>
    </Filter>
    <Filter Include="new_sr">
      <UniqueIdentifier>{3bd93cdc-03ac-4b15-85f5-2998c2b89655}</UniqueIdentifier>
    </Filter>
    <Filter Include="tables_loader">
      <UniqueIdentifier>{7e4bc18a-e537-478f-a061-0965f79151ca}</UniqueIdentifier>
    </Filter>
  </ItemGroup>
  <ItemGroup>
    <None Include="res\Storehouse.rc2">
      <Filter>Файлы ресурсов</Filter>
    </None>
    <None Include="res\Storehouse.ico">
      <Filter>Файлы ресурсов</Filter>
    </None>
    <None Include="res\add.ico">
      <Filter>Файлы ресурсов</Filter>
    </None>
    <None Include="res\add.png">
      <Filter>Файлы ресурсов</Filter>
    </None>
    <None Include="res\bitmap1.bmp">
      <Filter>Файлы ресурсов</Filter>
    </None>
    <None Include="res\add.bmp">
      <Filter>Файлы ресурсов</Filter>
    </None>
  </ItemGroup>
  <ItemGroup>
    <ClInclude Include="mysql\mysql.hpp">
      <Filter>mysql</Filter>
    </ClInclude>
    <ClInclude Include="mysql\mysql_settings.hpp">
      <Filter>mysql</Filter>
    </ClInclude>
    <ClInclude Include="mysql\table\table.hpp">
      <Filter>mysql\table</Filter>
    </ClInclude>
    <ClInclude Include="mysql\query\query.hpp">
      <Filter>mysql\query</Filter>
    </ClInclude>
    <ClInclude Include="mysql\query\filter\filter.hpp">
      <Filter>mysql\query\filter</Filter>
    </ClInclude>
    <ClInclude Include="application\Storehouse.h">
      <Filter>application</Filter>
    </ClInclude>
    <ClInclude Include="delivery_shipment\DeliveryDlg.h">
      <Filter>delivery_shipment</Filter>
    </ClInclude>
    <ClInclude Include="delivery_shipment\DSModalContainer.h">
      <Filter>delivery_shipment</Filter>
    </ClInclude>
    <ClInclude Include="delivery_shipment\ShipmentDlg.h">
      <Filter>delivery_shipment</Filter>
    </ClInclude>
    <ClInclude Include="entity\Article.h">
      <Filter>entity</Filter>
    </ClInclude>
    <ClInclude Include="entity\Director.h">
      <Filter>entity</Filter>
    </ClInclude>
    <ClInclude Include="entity\DSTable.h">
      <Filter>entity</Filter>
    </ClInclude>
    <ClInclude Include="entity\Place.h">
      <Filter>entity</Filter>
    </ClInclude>
    <ClInclude Include="entity\SImpleTable.h">
      <Filter>entity</Filter>
    </ClInclude>
    <ClInclude Include="entity\SRTable.h">
      <Filter>entity</Filter>
    </ClInclude>
    <ClInclude Include="entity\Store.h">
      <Filter>entity</Filter>
    </ClInclude>
    <ClInclude Include="entity\subtype.h">
      <Filter>entity</Filter>
    </ClInclude>
    <ClInclude Include="login\LoginDlg.h">
      <Filter>login</Filter>
    </ClInclude>
    <ClInclude Include="main\storehouse_settings.h">
      <Filter>main</Filter>
    </ClInclude>
    <ClInclude Include="main\StorehouseDlg.h">
      <Filter>main</Filter>
    </ClInclude>
    <ClInclude Include="new_article\NAModalContainer.h">
      <Filter>new_article</Filter>
    </ClInclude>
    <ClInclude Include="new_article\NewArticleDlg.h">
      <Filter>new_article</Filter>
    </ClInclude>
    <ClInclude Include="new_sr\NewSRDlg.h">
      <Filter>new_sr</Filter>
    </ClInclude>
    <ClInclude Include="new_sr\NSRModalContainer.h">
      <Filter>new_sr</Filter>
    </ClInclude>
    <ClInclude Include="tables_loader\TablesLoader.h">
      <Filter>tables_loader</Filter>
    </ClInclude>
    <ClInclude Include="Resource.h">
      <Filter>res&amp;precompiller</Filter>
    </ClInclude>
    <ClInclude Include="stdafx.h">
      <Filter>res&amp;precompiller</Filter>
    </ClInclude>
    <ClInclude Include="targetver.h">
      <Filter>res&amp;precompiller</Filter>
    </ClInclude>
  </ItemGroup>
  <ItemGroup>
    <ClCompile Include="mysql\mysql.cpp">
      <Filter>mysql</Filter>
    </ClCompile>
    <ClCompile Include="mysql\table\table.cpp">
      <Filter>mysql\table</Filter>
    </ClCompile>
    <ClCompile Include="mysql\query\query.cpp">
      <Filter>mysql\query</Filter>
    </ClCompile>
    <ClCompile Include="mysql\query\filter\filter.cpp">
      <Filter>mysql\query\filter</Filter>
    </ClCompile>
    <ClCompile Include="application\Storehouse.cpp">
      <Filter>application</Filter>
    </ClCompile>
    <ClCompile Include="delivery_shipment\DeliveryDlg.cpp">
      <Filter>delivery_shipment</Filter>
    </ClCompile>
    <ClCompile Include="delivery_shipment\DSModalContainer.cpp">
      <Filter>delivery_shipment</Filter>
    </ClCompile>
    <ClCompile Include="delivery_shipment\ShipmentDlg.cpp">
      <Filter>delivery_shipment</Filter>
    </ClCompile>
    <ClCompile Include="login\LoginDlg.cpp">
      <Filter>login</Filter>
    </ClCompile>
    <ClCompile Include="main\StorehouseDlg.cpp">
      <Filter>main</Filter>
    </ClCompile>
    <ClCompile Include="new_article\NAModalContainer.cpp">
      <Filter>new_article</Filter>
    </ClCompile>
    <ClCompile Include="new_article\NewArticleDlg.cpp">
      <Filter>new_article</Filter>
    </ClCompile>
    <ClCompile Include="new_sr\NewSRDlg.cpp">
      <Filter>new_sr</Filter>
    </ClCompile>
    <ClCompile Include="new_sr\NSRModalContainer.cpp">
      <Filter>new_sr</Filter>
    </ClCompile>
    <ClCompile Include="tables_loader\TablesLoader.cpp">
      <Filter>tables_loader</Filter>
    </ClCompile>
    <ClCompile Include="stdafx.cpp">
      <Filter>res&amp;precompiller</Filter>
    </ClCompile>
  </ItemGroup>
  <ItemGroup>
    <ResourceCompile Include="Storehouse.rc">
      <Filter>Файлы ресурсов</Filter>
    </ResourceCompile>
  </ItemGroup>
</Project>